// !$*UTF8*$!
{
	archiveVersion = 1;
	classes = {
	};
	objectVersion = 46;
	objects = {

/* Begin PBXBuildFile section */
		C48E1AC41CC6859D00C67B9B /* AppDelegate.swift in Sources */ = {isa = PBXBuildFile; fileRef = C48E1AC31CC6859D00C67B9B /* AppDelegate.swift */; };
		C48E1AC61CC6859D00C67B9B /* ViewController.swift in Sources */ = {isa = PBXBuildFile; fileRef = C48E1AC51CC6859D00C67B9B /* ViewController.swift */; };
		C48E1AC91CC6859D00C67B9B /* Main.storyboard in Resources */ = {isa = PBXBuildFile; fileRef = C48E1AC71CC6859D00C67B9B /* Main.storyboard */; };
		C48E1ACB1CC6859D00C67B9B /* Assets.xcassets in Resources */ = {isa = PBXBuildFile; fileRef = C48E1ACA1CC6859D00C67B9B /* Assets.xcassets */; };
		C48E1ACE1CC6859D00C67B9B /* LaunchScreen.storyboard in Resources */ = {isa = PBXBuildFile; fileRef = C48E1ACC1CC6859D00C67B9B /* LaunchScreen.storyboard */; };
/* End PBXBuildFile section */

/* Begin PBXFileReference section */
		C48E1AC01CC6859D00C67B9B /* WebViewSwift.app */ = {isa = PBXFileReference; explicitFileType = wrapper.application; includeInIndex = 0; path = WebViewSwift.app; sourceTree = BUILT_PRODUCTS_DIR; };
		C48E1AC31CC6859D00C67B9B /* AppDelegate.swift */ = {isa = PBXFileReference; lastKnownFileType = sourcecode.swift; path = AppDelegate.swift; sourceTree = "<group>"; };
		C48E1AC51CC6859D00C67B9B /* ViewController.swift */ = {isa = PBXFileReference; lastKnownFileType = sourcecode.swift; path = ViewController.swift; sourceTree = "<group>"; };
		C48E1AC81CC6859D00C67B9B /* Base */ = {isa = PBXFileReference; lastKnownFileType = file.storyboard; name = Base; path = Base.lproj/Main.storyboard; sourceTree = "<group>"; };
		C48E1ACA1CC6859D00C67B9B /* Assets.xcassets */ = {isa = PBXFileReference; lastKnownFileType = folder.assetcatalog; path = Assets.xcassets; sourceTree = "<group>"; };
		C48E1ACD1CC6859D00C67B9B /* Base */ = {isa = PBXFileReference; lastKnownFileType = file.storyboard; name = Base; path = Base.lproj/LaunchScreen.storyboard; sourceTree = "<group>"; };
		C48E1ACF1CC6859D00C67B9B /* Info.plist */ = {isa = PBXFileReference; lastKnownFileType = text.plist.xml; path = Info.plist; sourceTree = "<group>"; };
/* End PBXFileReference section */

/* Begin PBXFrameworksBuildPhase section */
		C48E1ABD1CC6859D00C67B9B /* Frameworks */ = {
			isa = PBXFrameworksBuildPhase;
			buildActionMask = 2147483647;
			files = (
			);
			runOnlyForDeploymentPostprocessing = 0;
		};
/* End PBXFrameworksBuildPhase section */

/* Begin PBXGroup section */
		C48E1AB71CC6859D00C67B9B = {
			isa = PBXGroup;
			children = (
				C48E1AC21CC6859D00C67B9B /* WebViewSwift */,
				C48E1AC11CC6859D00C67B9B /* Products */,
			);
			sourceTree = "<group>";
		};
		C48E1AC11CC6859D00C67B9B /* Products */ = {
			isa = PBXGroup;
			children = (
				C48E1AC01CC6859D00C67B9B /* WebViewSwift.app */,
			);
			name = Products;
			sourceTree = "<group>";
		};
		C48E1AC21CC6859D00C67B9B /* WebViewSwift */ = {
			isa = PBXGroup;
			children = (
				C48E1AC31CC6859D00C67B9B /* AppDelegate.swift */,
				C48E1AC51CC6859D00C67B9B /* ViewController.swift */,
				C48E1AC71CC6859D00C67B9B /* Main.storyboard */,
				C48E1ACA1CC6859D00C67B9B /* Assets.xcassets */,
				C48E1ACC1CC6859D00C67B9B /* LaunchScreen.storyboard */,
				C48E1ACF1CC6859D00C67B9B /* Info.plist */,
			);
			path = WebViewSwift;
			sourceTree = "<group>";
		};
/* End PBXGroup section */

/* Begin PBXNativeTarget section */
		C48E1ABF1CC6859D00C67B9B /* WebViewSwift */ = {
			isa = PBXNativeTarget;
			buildConfigurationList = C48E1AD21CC6859D00C67B9B /* Build configuration list for PBXNativeTarget "WebViewSwift" */;
			buildPhases = (
				C48E1ABC1CC6859D00C67B9B /* Sources */,
				C48E1ABD1CC6859D00C67B9B /* Frameworks */,
				C48E1ABE1CC6859D00C67B9B /* Resources */,
			);
			buildRules = (
			);
			dependencies = (
			);
			name = WebViewSwift;
			productName = WebViewSwift;
			productReference = C48E1AC01CC6859D00C67B9B /* WebViewSwift.app */;
			productType = "com.apple.product-type.application";
		};
/* End PBXNativeTarget section */

/* Begin PBXProject section */
		C48E1AB81CC6859D00C67B9B /* Project object */ = {
			isa = PBXProject;
			attributes = {
				LastSwiftUpdateCheck = 0710;
				LastUpgradeCheck = 0710;
				ORGANIZATIONNAME = infancyit;
				TargetAttributes = {
					C48E1ABF1CC6859D00C67B9B = {
						CreatedOnToolsVersion = 7.1.1;
					};
				};
			};
			buildConfigurationList = C48E1ABB1CC6859D00C67B9B /* Build configuration list for PBXProject "WebViewSwift" */;
			compatibilityVersion = "Xcode 3.2";
			developmentRegion = English;
			hasScannedForEncodings = 0;
			knownRegions = (
				en,
				Base,
			);
			mainGroup = C48E1AB71CC6859D00C67B9B;
			productRefGroup = C48E1AC11CC6859D00C67B9B /* Products */;
			projectDirPath = "";
			projectRoot = "";
			targets = (
				C48E1ABF1CC6859D00C67B9B /* WebViewSwift */,
			);
		};
/* End PBXProject section */

/* Begin PBXResourcesBuildPhase section */
		C48E1ABE1CC6859D00C67B9B /* Resources */ = {
			isa = PBXResourcesBuildPhase;
			buildActionMask = 2147483647;
			files = (
				C48E1ACE1CC6859D00C67B9B /* LaunchScreen.storyboard in Resources */,
				C48E1ACB1CC6859D00C67B9B /* Assets.xcassets in Resources */,
				C48E1AC91CC6859D00C67B9B /* Main.storyboard in Resources */,
			);
			runOnlyForDeploymentPostprocessing = 0;
		};
/* End PBXResourcesBuildPhase section */

/* Begin PBXSourcesBuildPhase section */
		C48E1ABC1CC6859D00C67B9B /* Sources */ = {
			isa = PBXSourcesBuildPhase;
			buildActionMask = 2147483647;
			files = (
				C48E1AC61CC6859D00C67B9B /* ViewController.swift in Sources */,
				C48E1AC41CC6859D00C67B9B /* AppDelegate.swift in Sources */,
			);
			runOnlyForDeploymentPostprocessing = 0;
		};
/* End PBXSourcesBuildPhase section */

/* Begin PBXVariantGroup section */
		C48E1AC71CC6859D00C67B9B /* Main.storyboard */ = {
			isa = PBXVariantGroup;
			children = (
				C48E1AC81CC6859D00C67B9B /* Base */,
			);
			name = Main.storyboard;
			sourceTree = "<group>";
		};
		C48E1ACC1CC6859D00C67B9B /* LaunchScreen.storyboard */ = {
			isa = PBXVariantGroup;
			children = (
				C48E1ACD1CC6859D00C67B9B /* Base */,
			);
			name = LaunchScreen.storyboard;
			sourceTree = "<group>";
		};
/* End PBXVariantGroup section */

/* Begin XCBuildConfiguration section */
		C48E1AD01CC6859D00C67B9B /* Debug */ = {
			isa = XCBuildConfiguration;
			buildSettings = {
				ALWAYS_SEARCH_USER_PATHS = NO;
				CLANG_CXX_LANGUAGE_STANDARD = "gnu++0x";
				CLANG_CXX_LIBRARY = "libc++";
				CLANG_ENABLE_MODULES = YES;
				CLANG_ENABLE_OBJC_ARC = YES;
				CLANG_WARN_BOOL_CONVERSION = YES;
				CLANG_WARN_CONSTANT_CONVERSION = YES;
				CLANG_WARN_DIRECT_OBJC_ISA_USAGE = YES_ERROR;
				CLANG_WARN_EMPTY_BODY = YES;
				CLANG_WARN_ENUM_CONVERSION = YES;
				CLANG_WARN_INT_CONVERSION = YES;
				CLANG_WARN_OBJC_ROOT_CLASS = YES_ERROR;
				CLANG_WARN_UNREACHABLE_CODE = YES;
				CLANG_WARN__DUPLICATE_METHOD_MATCH = YES;
				"CODE_SIGN_IDENTITY[sdk=iphoneos*]" = "iPhone Developer";
				COPY_PHASE_STRIP = NO;
				DEBUG_INFORMATION_FORMAT = dwarf;
				ENABLE_STRICT_OBJC_MSGSEND = YES;
				ENABLE_TESTABILITY = YES;
				GCC_C_LANGUAGE_STANDARD = gnu99;
				GCC_DYNAMIC_NO_PIC = NO;
				GCC_NO_COMMON_BLOCKS = YES;
				GCC_OPTIMIZATION_LEVEL = 0;
				GCC_PREPROCESSOR_DEFINITIONS = (
					"DEBUG=1",
					"$(inherited)",
				);
				GCC_WARN_64_TO_32_BIT_CONVERSION = YES;
				GCC_WARN_ABOUT_RETURN_TYPE = YES_ERROR;
				GCC_WARN_UNDECLARED_SELECTOR = YES;
				GCC_WARN_UNINITIALIZED_AUTOS = YES_AGGRESSIVE;
				GCC_WARN_UNUSED_FUNCTION = YES;
				GCC_WARN_UNUSED_VARIABLE = YES;
				IPHONEOS_DEPLOYMENT_TARGET = 9.1;
				MTL_ENABLE_DEBUG_INFO = YES;
				ONLY_ACTIVE_ARCH = YES;
				SDKROOT = iphoneos;
				SWIFT_OPTIMIZATION_LEVEL = "-Onone";
			};
			name = Debug;
		};
		C48E1AD11CC6859D00C67B9B /* Release */ = {
			isa = XCBuildConfiguration;
			buildSettings = {
				ALWAYS_SEARCH_USER_PATHS = NO;
				CLANG_CXX_LANGUAGE_STANDARD = "gnu++0x";
				CLANG_CXX_LIBRARY = "libc++";
				CLANG_ENABLE_MODULES = YES;
				CLANG_ENABLE_OBJC_ARC = YES;
				CLANG_WARN_BOOL_CONVERSION = YES;
				CLANG_WARN_CONSTANT_CONVERSION = YES;
				CLANG_WARN_DIRECT_OBJC_ISA_USAGE = YES_ERROR;
				CLANG_WARN_EMPTY_BODY = YES;
				CLANG_WARN_ENUM_CONVERSION = YES;
				CLANG_WARN_INT_CONVERSION = YES;
				CLANG_WARN_OBJC_ROOT_CLASS = YES_ERROR;
				CLANG_WARN_UNREACHABLE_CODE = YES;
				CLANG_WARN__DUPLICATE_METHOD_MATCH = YES;
				"CODE_SIGN_IDENTITY[sdk=iphoneos*]" = "iPhone Developer";
				COPY_PHASE_STRIP = NO;
				DEBUG_INFORMATION_FORMAT = "dwarf-with-dsym";
				ENABLE_NS_ASSERTIONS = NO;
				ENABLE_STRICT_OBJC_MSGSEND = YES;
				GCC_C_LANGUAGE_STANDARD = gnu99;
				GCC_NO_COMMON_BLOCKS = YES;
				GCC_WARN_64_TO_32_BIT_CONVERSION = YES;
				GCC_WARN_ABOUT_RETURN_TYPE = YES_ERROR;
				GCC_WARN_UNDECLARED_SELECTOR = YES;
				GCC_WARN_UNINITIALIZED_AUTOS = YES_AGGRESSIVE;
				GCC_WARN_UNUSED_FUNCTION = YES;
				GCC_WARN_UNUSED_VARIABLE = YES;
				IPHONEOS_DEPLOYMENT_TARGET = 9.1;
				MTL_ENABLE_DEBUG_INFO = NO;
				SDKROOT = iphoneos;
				VALIDATE_PRODUCT = YES;
			};
			name = Release;
		};
		C48E1AD31CC6859D00C67B9B /* Debug */ = {
			isa = XCBuildConfiguration;
			buildSettings = {
				ASSETCATALOG_COMPILER_APPICON_NAME = AppIcon;
				CODE_SIGN_IDENTITY = "iPhone Developer";
				INFOPLIST_FILE = WebViewSwift/Info.plist;
				LD_RUNPATH_SEARCH_PATHS = "$(inherited) @executable_path/Frameworks";
				PRODUCT_BUNDLE_IDENTIFIER = com.infancyit.WebViewSwift;
				PRODUCT_NAME = "$(TARGET_NAME)";
			};
			name = Debug;
		};
		C48E1AD41CC6859D00C67B9B /* Release */ = {
			isa = XCBuildConfiguration;
			buildSettings = {
				ASSETCATALOG_COMPILER_APPICON_NAME = AppIcon;
				CODE_SIGN_IDENTITY = "iPhone Developer";
				INFOPLIST_FILE = WebViewSwift/Info.plist;
				LD_RUNPATH_SEARCH_PATHS = "$(inherited) @executable_path/Frameworks";
				PRODUCT_BUNDLE_IDENTIFIER = com.infancyit.WebViewSwift;
				PRODUCT_NAME = "$(TARGET_NAME)";
			};
			name = Release;
		};
/* End XCBuildConfiguration section */

/* Begin XCConfigurationList section */
		C48E1ABB1CC6859D00C67B9B /* Build configuration list for PBXProject "WebViewSwift" */ = {
			isa = XCConfigurationList;
			buildConfigurations = (
				C48E1AD01CC6859D00C67B9B /* Debug */,
				C48E1AD11CC6859D00C67B9B /* Release */,
			);
			defaultConfigurationIsVisible = 0;
			defaultConfigurationName = Release;
		};
		C48E1AD21CC6859D00C67B9B /* Build configuration list for PBXNativeTarget "WebViewSwift" */ = {
			isa = XCConfigurationList;
			buildConfigurations = (
				C48E1AD31CC6859D00C67B9B /* Debug */,
				C48E1AD41CC6859D00C67B9B /* Release */,
			);
			defaultConfigurationIsVisible = 0;
		};
/* End XCConfigurationList section */
	};
	rootObject = C48E1AB81CC6859D00C67B9B /* Project object */;
}
